{
  "name": "typewright",
  "version": "unspecified",
  "lockfileVersion": 3,
  "requires": true,
  "packages": {
    "": {
      "name": "typewright",
      "version": "unspecified",
      "workspaces": [
        "packages/typewright",
        "packages/typewright-test",
        "packages/typewright-campaign",
        "packages/typewright-campaign-test",
        "packages/typewright-compile",
        "packages/typewright-compile-test",
        "packages/typewright-core-font",
        "packages/typewright-core-font-test",
        "packages/typewright-core-geometry",
        "packages/typewright-core-geometry-test",
        "packages/typewright-engine-construct",
        "packages/typewright-engine-construct-test",
        "packages/typewright-engine-trace",
        "packages/typewright-engine-trace-test",
        "packages/typewright-learn",
        "packages/typewright-learn-test",
        "packages/typewright-project",
        "packages/typewright-project-test",
        "packages/typewright-qa",
        "packages/typewright-qa-test",
        "packages/typewright-scripts",
        "packages/typewright-scripts-test",
        "packages/typewright-shape-preview",
        "packages/typewright-shape-preview-test",
        "packages/typewright-ui",
        "packages/typewright-ui-test",
        "packages/typewright-learn-scenes",
        "packages/typewright-learn-scenes-test",
        "packages/typewright-project-storage",
        "packages/typewright-project-storage-test",
        "packages/typewright-qa-corpus",
        "packages/typewright-qa-corpus-test",
        "packages_imported/skiko-wasm-js/0.150.1",
        "packages_imported/skiko-js-wasm-runtime/0.150.1"
      ],
      "devDependencies": {}
    },
    "node_modules/skiko-js-wasm-runtime": {
      "resolved": "packages_imported/skiko-js-wasm-runtime/0.150.1",
      "link": true
    },
    "node_modules/skiko-wasm-js": {
      "resolved": "packages_imported/skiko-wasm-js/0.150.1",
      "link": true
    },
    "node_modules/typewright": {
      "resolved": "packages/typewright",
      "link": true
    },
    "node_modules/typewright-campaign": {
      "resolved": "packages/typewright-campaign",
      "link": true
    },
    "node_modules/typewright-campaign-test": {
      "resolved": "packages/typewright-campaign-test",
      "link": true
    },
    "node_modules/typewright-compile": {
      "resolved": "packages/typewright-compile",
      "link": true
    },
    "node_modules/typewright-compile-test": {
      "resolved": "packages/typewright-compile-test",
      "link": true
    },
    "node_modules/typewright-core-font": {
      "resolved": "packages/typewright-core-font",
      "link": true
    },
    "node_modules/typewright-core-font-test": {
      "resolved": "packages/typewright-core-font-test",
      "link": true
    },
    "node_modules/typewright-core-geometry": {
      "resolved": "packages/typewright-core-geometry",
      "link": true
    },
    "node_modules/typewright-core-geometry-test": {
      "resolved": "packages/typewright-core-geometry-test",
      "link": true
    },
    "node_modules/typewright-engine-construct": {
      "resolved": "packages/typewright-engine-construct",
      "link": true
    },
    "node_modules/typewright-engine-construct-test": {
      "resolved": "packages/typewright-engine-construct-test",
      "link": true
    },
    "node_modules/typewright-engine-trace": {
      "resolved": "packages/typewright-engine-trace",
      "link": true
    },
    "node_modules/typewright-engine-trace-test": {
      "resolved": "packages/typewright-engine-trace-test",
      "link": true
    },
    "node_modules/typewright-learn": {
      "resolved": "packages/typewright-learn",
      "link": true
    },
    "node_modules/typewright-learn-scenes": {
      "resolved": "packages/typewright-learn-scenes",
      "link": true
    },
    "node_modules/typewright-learn-scenes-test": {
      "resolved": "packages/typewright-learn-scenes-test",
      "link": true
    },
    "node_modules/typewright-learn-test": {
      "resolved": "packages/typewright-learn-test",
      "link": true
    },
    "node_modules/typewright-project": {
      "resolved": "packages/typewright-project",
      "link": true
    },
    "node_modules/typewright-project-storage": {
      "resolved": "packages/typewright-project-storage",
      "link": true
    },
    "node_modules/typewright-project-storage-test": {
      "resolved": "packages/typewright-project-storage-test",
      "link": true
    },
    "node_modules/typewright-project-test": {
      "resolved": "packages/typewright-project-test",
      "link": true
    },
    "node_modules/typewright-qa": {
      "resolved": "packages/typewright-qa",
      "link": true
    },
    "node_modules/typewright-qa-corpus": {
      "resolved": "packages/typewright-qa-corpus",
      "link": true
    },
    "node_modules/typewright-qa-corpus-test": {
      "resolved": "packages/typewright-qa-corpus-test",
      "link": true
    },
    "node_modules/typewright-qa-test": {
      "resolved": "packages/typewright-qa-test",
      "link": true
    },
    "node_modules/typewright-scripts": {
      "resolved": "packages/typewright-scripts",
      "link": true
    },
    "node_modules/typewright-scripts-test": {
      "resolved": "packages/typewright-scripts-test",
      "link": true
    },
    "node_modules/typewright-shape-preview": {
      "resolved": "packages/typewright-shape-preview",
      "link": true
    },
    "node_modules/typewright-shape-preview-test": {
      "resolved": "packages/typewright-shape-preview-test",
      "link": true
    },
    "node_modules/typewright-test": {
      "resolved": "packages/typewright-test",
      "link": true
    },
    "node_modules/typewright-ui": {
      "resolved": "packages/typewright-ui",
      "link": true
    },
    "node_modules/typewright-ui-test": {
      "resolved": "packages/typewright-ui-test",
      "link": true
    },
    "packages_imported/skiko-js-wasm-runtime/0.150.1": {
      "name": "skiko-js-wasm-runtime",
      "version": "0.150.1",
      "devDependencies": {}
    },
    "packages_imported/skiko-wasm-js/0.150.1": {
      "name": "skiko-wasm-js",
      "version": "0.150.1",
      "devDependencies": {}
    },
    "packages/typewright": {
      "version": "0.0.0-unspecified",
      "devDependencies": {}
    },
    "packages/typewright-campaign": {
      "version": "0.0.0-unspecified",
      "devDependencies": {}
    },
    "packages/typewright-campaign-test": {
      "version": "0.0.0-unspecified",
      "devDependencies": {}
    },
    "packages/typewright-compile": {
      "version": "0.0.0-unspecified",
      "devDependencies": {}
    },
    "packages/typewright-compile-test": {
      "version": "0.0.0-unspecified",
      "devDependencies": {}
    },
    "packages/typewright-core-font": {
      "version": "0.0.0-unspecified",
      "devDependencies": {}
    },
    "packages/typewright-core-font-test": {
      "version": "0.0.0-unspecified",
      "devDependencies": {}
    },
    "packages/typewright-core-geometry": {
      "version": "0.0.0-unspecified",
      "devDependencies": {}
    },
    "packages/typewright-core-geometry-test": {
      "version": "0.0.0-unspecified",
      "devDependencies": {}
    },
    "packages/typewright-engine-construct": {
      "version": "0.0.0-unspecified",
      "devDependencies": {}
    },
    "packages/typewright-engine-construct-test": {
      "version": "0.0.0-unspecified",
      "devDependencies": {}
    },
    "packages/typewright-engine-trace": {
      "version": "0.0.0-unspecified",
      "devDependencies": {}
    },
    "packages/typewright-engine-trace-test": {
      "version": "0.0.0-unspecified",
      "devDependencies": {}
    },
    "packages/typewright-learn": {
      "version": "0.0.0-unspecified",
      "devDependencies": {}
    },
    "packages/typewright-learn-scenes": {
      "version": "0.0.0-unspecified",
      "devDependencies": {}
    },
    "packages/typewright-learn-scenes-test": {
      "version": "0.0.0-unspecified",
      "devDependencies": {}
    },
    "packages/typewright-learn-test": {
      "version": "0.0.0-unspecified",
      "devDependencies": {}
    },
    "packages/typewright-project": {
      "version": "0.0.0-unspecified",
      "devDependencies": {}
    },
    "packages/typewright-project-storage": {
      "version": "0.0.0-unspecified",
      "devDependencies": {}
    },
    "packages/typewright-project-storage-test": {
      "version": "0.0.0-unspecified",
      "devDependencies": {}
    },
    "packages/typewright-project-test": {
      "version": "0.0.0-unspecified",
      "devDependencies": {}
    },
    "packages/typewright-qa": {
      "version": "0.0.0-unspecified",
      "devDependencies": {}
    },
    "packages/typewright-qa-corpus": {
      "version": "0.0.0-unspecified",
      "devDependencies": {}
    },
    "packages/typewright-qa-corpus-test": {
      "version": "0.0.0-unspecified",
      "devDependencies": {}
    },
    "packages/typewright-qa-test": {
      "version": "0.0.0-unspecified",
      "devDependencies": {}
    },
    "packages/typewright-scripts": {
      "version": "0.0.0-unspecified",
      "devDependencies": {}
    },
    "packages/typewright-scripts-test": {
      "version": "0.0.0-unspecified",
      "devDependencies": {}
    },
    "packages/typewright-shape-preview": {
      "version": "0.0.0-unspecified",
      "devDependencies": {}
    },
    "packages/typewright-shape-preview-test": {
      "version": "0.0.0-unspecified",
      "devDependencies": {}
    },
    "packages/typewright-test": {
      "version": "0.0.0-unspecified",
      "devDependencies": {}
    },
    "packages/typewright-ui": {
      "version": "0.0.0-unspecified",
      "devDependencies": {}
    },
    "packages/typewright-ui-test": {
      "version": "0.0.0-unspecified",
      "devDependencies": {}
    }
  }
}
